<Solution>
  <Folder Name="/src/">
    <Project Path="src/Vexis.Foundation/Vexis.Foundation.csproj" />
    <Project Path="src/Vexis.Commands/Vexis.Commands.csproj" />
    <Project Path="src/Vexis.AI/Vexis.AI.csproj" />
    <Project Path="src/Vexis.AI.Ollama/Vexis.AI.Ollama.csproj" />
    <Project Path="src/Vexis.World/Vexis.World.csproj" />
    <Project Path="src/Vexis.Modeling/Vexis.Modeling.csproj" />
    <Project Path="src/Vexis.Runtime/Vexis.Runtime.csproj" />
    <Project Path="src/Vexis.Editor.Host/Vexis.Editor.Host.csproj" />
    <Project Path="src/Vexis.Editor.Desktop/Vexis.Editor.Desktop.csproj" />
    <Project Path="src/Vexis.Rendering/Vexis.Rendering.csproj" />
  </Folder>
  <Folder Name="/tests/">
    <Project Path="tests/Vexis.Commands.Tests/Vexis.Commands.Tests.csproj" />
    <Project Path="tests/Vexis.AI.Tests/Vexis.AI.Tests.csproj" />
    <Project Path="tests/Vexis.World.Tests/Vexis.World.Tests.csproj" />
    <Project Path="tests/Vexis.Modeling.Tests/Vexis.Modeling.Tests.csproj" />
    <Project Path="tests/Vexis.Rendering.Tests/Vexis.Rendering.Tests.csproj" />
  </Folder>
</Solution>